
Microsoft Visual Studio Solution File, Format Version 12.00
# Visual Studio Version 17
VisualStudioVersion = 17.4.33103.184
MinimumVisualStudioVersion = 10.0.40219.1
Project("{9A19103F-16F7-4668-BE54-9A1E7A4F7556}") = "Ethachat.Server", "Limp\Server\Ethachat.Server.csproj", "{917E4BB6-4A10-4D55-BB7F-359EB00C7608}"
EndProject
Project("{9A19103F-16F7-4668-BE54-9A1E7A4F7556}") = "Ethachat.Client", "Limp\Client\Ethachat.Client.csproj", "{D2D6C2EC-DDCB-4C74-A8A4-818F9CEBF4F8}"
EndProject
Project("{9A19103F-16F7-4668-BE54-9A1E7A4F7556}") = "LimpShared", "LimpShared\LimpShared\LimpShared.csproj", "{96B4AD3C-504F-4466-9029-6318C32965AA}"
EndProject
Global
	GlobalSection(SolutionConfigurationPlatforms) = preSolution
		Debug|Any CPU = Debug|Any CPU
		Release|Any CPU = Release|Any CPU
	EndGlobalSection
	GlobalSection(ProjectConfigurationPlatforms) = postSolution
		{917E4BB6-4A10-4D55-BB7F-359EB00C7608}.Debug|Any CPU.ActiveCfg = Debug|Any CPU
		{917E4BB6-4A10-4D55-BB7F-359EB00C7608}.Debug|Any CPU.Build.0 = Debug|Any CPU
		{917E4BB6-4A10-4D55-BB7F-359EB00C7608}.Release|Any CPU.ActiveCfg = Release|Any CPU
		{917E4BB6-4A10-4D55-BB7F-359EB00C7608}.Release|Any CPU.Build.0 = Release|Any CPU
		{D2D6C2EC-DDCB-4C74-A8A4-818F9CEBF4F8}.Debug|Any CPU.ActiveCfg = Debug|Any CPU
		{D2D6C2EC-DDCB-4C74-A8A4-818F9CEBF4F8}.Debug|Any CPU.Build.0 = Debug|Any CPU
		{D2D6C2EC-DDCB-4C74-A8A4-818F9CEBF4F8}.Release|Any CPU.ActiveCfg = Release|Any CPU
		{D2D6C2EC-DDCB-4C74-A8A4-818F9CEBF4F8}.Release|Any CPU.Build.0 = Release|Any CPU
		{96B4AD3C-504F-4466-9029-6318C32965AA}.Debug|Any CPU.ActiveCfg = Debug|Any CPU
		{96B4AD3C-504F-4466-9029-6318C32965AA}.Debug|Any CPU.Build.0 = Debug|Any CPU
		{96B4AD3C-504F-4466-9029-6318C32965AA}.Release|Any CPU.ActiveCfg = Release|Any CPU
		{96B4AD3C-504F-4466-9029-6318C32965AA}.Release|Any CPU.Build.0 = Release|Any CPU
	EndGlobalSection
	GlobalSection(SolutionProperties) = preSolution
		HideSolutionNode = FALSE
	EndGlobalSection
	GlobalSection(ExtensibilityGlobals) = postSolution
		SolutionGuid = {4B3DCEE8-F57F-4C1D-AAF7-96E517B365C4}
	EndGlobalSection
EndGlobal
